
Microsoft Visual Studio Solution File, Format Version 12.00
# Visual Studio Version 17
VisualStudioVersion = 17.5.002.0
MinimumVisualStudioVersion = 10.0.40219.1
Project("{9A19103F-16F7-4668-BE54-9A1E7A4F7556}") = "LibraryManagement", "LibraryManagement.csproj", "{1E2D5FAE-A5B1-44F2-ACB3-05C9B4090366}"
EndProject
Global
	GlobalSection(SolutionConfigurationPlatforms) = preSolution
		Debug|Any CPU = Debug|Any CPU
		Release|Any CPU = Release|Any CPU
	EndGlobalSection
	GlobalSection(ProjectConfigurationPlatforms) = postSolution
		{1E2D5FAE-A5B1-44F2-ACB3-05C9B4090366}.Debug|Any CPU.ActiveCfg = Debug|Any CPU
		{1E2D5FAE-A5B1-44F2-ACB3-05C9B4090366}.Debug|Any CPU.Build.0 = Debug|Any CPU
		{1E2D5FAE-A5B1-44F2-ACB3-05C9B4090366}.Release|Any CPU.ActiveCfg = Release|Any CPU
		{1E2D5FAE-A5B1-44F2-ACB3-05C9B4090366}.Release|Any CPU.Build.0 = Release|Any CPU
	EndGlobalSection
	GlobalSection(SolutionProperties) = preSolution
		HideSolutionNode = FALSE
	EndGlobalSection
	GlobalSection(ExtensibilityGlobals) = postSolution
		SolutionGuid = {B92EDE96-40ED-47C3-A98D-4299785A3B29}
	EndGlobalSection
EndGlobal
